
Microsoft Visual Studio Solution File, Format Version 12.00
# Visual Studio Version 17
VisualStudioVersion = 17.1.32319.34
MinimumVisualStudioVersion = 10.0.40219.1
Project("{9A19103F-16F7-4668-BE54-9A1E7A4F7556}") = "VeioACalhar", "VeioACalhar.csproj", "{D1603234-8B5D-4BA2-ADEF-E4BF1BEF5BE4}"
EndProject
Global
	GlobalSection(SolutionConfigurationPlatforms) = preSolution
		Debug|Any CPU = Debug|Any CPU
		Release|Any CPU = Release|Any CPU
	EndGlobalSection
	GlobalSection(ProjectConfigurationPlatforms) = postSolution
		{D1603234-8B5D-4BA2-ADEF-E4BF1BEF5BE4}.Debug|Any CPU.ActiveCfg = Debug|Any CPU
		{D1603234-8B5D-4BA2-ADEF-E4BF1BEF5BE4}.Debug|Any CPU.Build.0 = Debug|Any CPU
		{D1603234-8B5D-4BA2-ADEF-E4BF1BEF5BE4}.Release|Any CPU.ActiveCfg = Release|Any CPU
		{D1603234-8B5D-4BA2-ADEF-E4BF1BEF5BE4}.Release|Any CPU.Build.0 = Release|Any CPU
	EndGlobalSection
	GlobalSection(SolutionProperties) = preSolution
		HideSolutionNode = FALSE
	EndGlobalSection
	GlobalSection(ExtensibilityGlobals) = postSolution
		SolutionGuid = {B3654394-B048-48EF-90C9-C6BEA558F4B6}
	EndGlobalSection
EndGlobal
